
Microsoft Visual Studio Solution File, Format Version 12.00
# Visual Studio Version 17
VisualStudioVersion = 17.8.34316.72
MinimumVisualStudioVersion = 10.0.40219.1
Project("{9A19103F-16F7-4668-BE54-9A1E7A4F7556}") = "Sweeter.Client.WPF", "Sweeter.Client.WPF\Sweeter.Client.WPF.csproj", "{92CD9DD1-ADCA-41AC-A1FC-238F9AA25393}"
EndProject
Project("{9A19103F-16F7-4668-BE54-9A1E7A4F7556}") = "Sweeter", "Sweeter\Sweeter.csproj", "{4DA9BF39-807E-4E71-8BC4-FFA29169657A}"
EndProject
Project("{2150E333-8FDC-42A3-9474-1A3956D46DE8}") = "src", "src", "{436D61CE-FC03-492B-8DC0-C05FF7B4F309}"
EndProject
Project("{2150E333-8FDC-42A3-9474-1A3956D46DE8}") = "test", "test", "{A0AC843F-B1F8-4175-A444-E3B866682F52}"
EndProject
Project("{9A19103F-16F7-4668-BE54-9A1E7A4F7556}") = "Sweeter.Server.Persistence", "Sweeter.Server.Persistence\Sweeter.Server.Persistence.csproj", "{B9FFA064-5E41-450F-B276-E39C7F528FF9}"
EndProject
Project("{2150E333-8FDC-42A3-9474-1A3956D46DE8}") = "Core", "Core", "{7E7ECA37-A83A-4E69-A859-E955C71AC628}"
EndProject
Project("{2150E333-8FDC-42A3-9474-1A3956D46DE8}") = "Client", "Client", "{06BEFCAF-D208-45FC-9A4B-F246C8C5B246}"
EndProject
Project("{2150E333-8FDC-42A3-9474-1A3956D46DE8}") = "Server", "Server", "{AFAA4D71-2132-4ECC-BFB6-EE282AADCFF2}"
EndProject
Project("{9A19103F-16F7-4668-BE54-9A1E7A4F7556}") = "Sweeter.Client.Persistence", "Sweeter.Client.Persistence\Sweeter.Client.Persistence.csproj", "{DB774F08-5E87-4D21-ACB8-E951DB64D8D9}"
EndProject
Project("{2150E333-8FDC-42A3-9474-1A3956D46DE8}") = "Solution Items", "Solution Items", "{0C8B38E0-D09F-4564-9529-5F7C11208EF4}"
	ProjectSection(SolutionItems) = preProject
		.editorconfig = .editorconfig
	EndProjectSection
EndProject
Project("{9A19103F-16F7-4668-BE54-9A1E7A4F7556}") = "Sweeter.Client.Testing", "Sweeter.Client.Testing\Sweeter.Client.Testing.csproj", "{6F180988-D366-4122-BF82-44B4CEFBC67D}"
EndProject
Project("{9A19103F-16F7-4668-BE54-9A1E7A4F7556}") = "Sweeter.Server.Testing", "Sweeter.Server.Testing\Sweeter.Server.Testing.csproj", "{A7131DD4-0A76-4247-9847-E8CB67F3589F}"
EndProject
Project("{E53339B2-1760-4266-BCC7-CA923CBCF16C}") = "docker-compose", "docker-compose.dcproj", "{5A61B6AB-EF96-4C88-A7D1-C57A1AAD4749}"
EndProject
Project("{FAE04EC0-301F-11D3-BF4B-00C04F79EFBC}") = "Sweeter.Server.API", "Sweeter.Server.API\Sweeter.Server.API.csproj", "{1609A4BD-7DD2-481E-8FB3-1F1B2563B605}"
EndProject
Global
	GlobalSection(SolutionConfigurationPlatforms) = preSolution
		Debug|Any CPU = Debug|Any CPU
		Debug|ARM = Debug|ARM
		Debug|ARM64 = Debug|ARM64
		Debug|x64 = Debug|x64
		Debug|x86 = Debug|x86
		Release|Any CPU = Release|Any CPU
		Release|ARM = Release|ARM
		Release|ARM64 = Release|ARM64
		Release|x64 = Release|x64
		Release|x86 = Release|x86
	EndGlobalSection
	GlobalSection(ProjectConfigurationPlatforms) = postSolution
		{92CD9DD1-ADCA-41AC-A1FC-238F9AA25393}.Debug|Any CPU.ActiveCfg = Debug|Any CPU
		{92CD9DD1-ADCA-41AC-A1FC-238F9AA25393}.Debug|Any CPU.Build.0 = Debug|Any CPU
		{92CD9DD1-ADCA-41AC-A1FC-238F9AA25393}.Debug|ARM.ActiveCfg = Debug|Any CPU
		{92CD9DD1-ADCA-41AC-A1FC-238F9AA25393}.Debug|ARM.Build.0 = Debug|Any CPU
		{92CD9DD1-ADCA-41AC-A1FC-238F9AA25393}.Debug|ARM64.ActiveCfg = Debug|Any CPU
		{92CD9DD1-ADCA-41AC-A1FC-238F9AA25393}.Debug|ARM64.Build.0 = Debug|Any CPU
		{92CD9DD1-ADCA-41AC-A1FC-238F9AA25393}.Debug|x64.ActiveCfg = Debug|Any CPU
		{92CD9DD1-ADCA-41AC-A1FC-238F9AA25393}.Debug|x64.Build.0 = Debug|Any CPU
		{92CD9DD1-ADCA-41AC-A1FC-238F9AA25393}.Debug|x86.ActiveCfg = Debug|Any CPU
		{92CD9DD1-ADCA-41AC-A1FC-238F9AA25393}.Debug|x86.Build.0 = Debug|Any CPU
		{92CD9DD1-ADCA-41AC-A1FC-238F9AA25393}.Release|Any CPU.ActiveCfg = Release|Any CPU
		{92CD9DD1-ADCA-41AC-A1FC-238F9AA25393}.Release|Any CPU.Build.0 = Release|Any CPU
		{92CD9DD1-ADCA-41AC-A1FC-238F9AA25393}.Release|ARM.ActiveCfg = Release|Any CPU
		{92CD9DD1-ADCA-41AC-A1FC-238F9AA25393}.Release|ARM.Build.0 = Release|Any CPU
		{92CD9DD1-ADCA-41AC-A1FC-238F9AA25393}.Release|ARM64.ActiveCfg = Release|Any CPU
		{92CD9DD1-ADCA-41AC-A1FC-238F9AA25393}.Release|ARM64.Build.0 = Release|Any CPU
		{92CD9DD1-ADCA-41AC-A1FC-238F9AA25393}.Release|x64.ActiveCfg = Release|Any CPU
		{92CD9DD1-ADCA-41AC-A1FC-238F9AA25393}.Release|x64.Build.0 = Release|Any CPU
		{92CD9DD1-ADCA-41AC-A1FC-238F9AA25393}.Release|x86.ActiveCfg = Release|Any CPU
		{92CD9DD1-ADCA-41AC-A1FC-238F9AA25393}.Release|x86.Build.0 = Release|Any CPU
		{4DA9BF39-807E-4E71-8BC4-FFA29169657A}.Debug|Any CPU.ActiveCfg = Debug|Any CPU
		{4DA9BF39-807E-4E71-8BC4-FFA29169657A}.Debug|Any CPU.Build.0 = Debug|Any CPU
		{4DA9BF39-807E-4E71-8BC4-FFA29169657A}.Debug|ARM.ActiveCfg = Debug|Any CPU
		{4DA9BF39-807E-4E71-8BC4-FFA29169657A}.Debug|ARM.Build.0 = Debug|Any CPU
		{4DA9BF39-807E-4E71-8BC4-FFA29169657A}.Debug|ARM64.ActiveCfg = Debug|Any CPU
		{4DA9BF39-807E-4E71-8BC4-FFA29169657A}.Debug|ARM64.Build.0 = Debug|Any CPU
		{4DA9BF39-807E-4E71-8BC4-FFA29169657A}.Debug|x64.ActiveCfg = Debug|Any CPU
		{4DA9BF39-807E-4E71-8BC4-FFA29169657A}.Debug|x64.Build.0 = Debug|Any CPU
		{4DA9BF39-807E-4E71-8BC4-FFA29169657A}.Debug|x86.ActiveCfg = Debug|Any CPU
		{4DA9BF39-807E-4E71-8BC4-FFA29169657A}.Debug|x86.Build.0 = Debug|Any CPU
		{4DA9BF39-807E-4E71-8BC4-FFA29169657A}.Release|Any CPU.ActiveCfg = Release|Any CPU
		{4DA9BF39-807E-4E71-8BC4-FFA29169657A}.Release|Any CPU.Build.0 = Release|Any CPU
		{4DA9BF39-807E-4E71-8BC4-FFA29169657A}.Release|ARM.ActiveCfg = Release|Any CPU
		{4DA9BF39-807E-4E71-8BC4-FFA29169657A}.Release|ARM.Build.0 = Release|Any CPU
		{4DA9BF39-807E-4E71-8BC4-FFA29169657A}.Release|ARM64.ActiveCfg = Release|Any CPU
		{4DA9BF39-807E-4E71-8BC4-FFA29169657A}.Release|ARM64.Build.0 = Release|Any CPU
		{4DA9BF39-807E-4E71-8BC4-FFA29169657A}.Release|x64.ActiveCfg = Release|Any CPU
		{4DA9BF39-807E-4E71-8BC4-FFA29169657A}.Release|x64.Build.0 = Release|Any CPU
		{4DA9BF39-807E-4E71-8BC4-FFA29169657A}.Release|x86.ActiveCfg = Release|Any CPU
		{4DA9BF39-807E-4E71-8BC4-FFA29169657A}.Release|x86.Build.0 = Release|Any CPU
		{B9FFA064-5E41-450F-B276-E39C7F528FF9}.Debug|Any CPU.ActiveCfg = Debug|Any CPU
		{B9FFA064-5E41-450F-B276-E39C7F528FF9}.Debug|Any CPU.Build.0 = Debug|Any CPU
		{B9FFA064-5E41-450F-B276-E39C7F528FF9}.Debug|ARM.ActiveCfg = Debug|Any CPU
		{B9FFA064-5E41-450F-B276-E39C7F528FF9}.Debug|ARM.Build.0 = Debug|Any CPU
		{B9FFA064-5E41-450F-B276-E39C7F528FF9}.Debug|ARM64.ActiveCfg = Debug|Any CPU
		{B9FFA064-5E41-450F-B276-E39C7F528FF9}.Debug|ARM64.Build.0 = Debug|Any CPU
		{B9FFA064-5E41-450F-B276-E39C7F528FF9}.Debug|x64.ActiveCfg = Debug|Any CPU
		{B9FFA064-5E41-450F-B276-E39C7F528FF9}.Debug|x64.Build.0 = Debug|Any CPU
		{B9FFA064-5E41-450F-B276-E39C7F528FF9}.Debug|x86.ActiveCfg = Debug|Any CPU
		{B9FFA064-5E41-450F-B276-E39C7F528FF9}.Debug|x86.Build.0 = Debug|Any CPU
		{B9FFA064-5E41-450F-B276-E39C7F528FF9}.Release|Any CPU.ActiveCfg = Release|Any CPU
		{B9FFA064-5E41-450F-B276-E39C7F528FF9}.Release|Any CPU.Build.0 = Release|Any CPU
		{B9FFA064-5E41-450F-B276-E39C7F528FF9}.Release|ARM.ActiveCfg = Release|Any CPU
		{B9FFA064-5E41-450F-B276-E39C7F528FF9}.Release|ARM.Build.0 = Release|Any CPU
		{B9FFA064-5E41-450F-B276-E39C7F528FF9}.Release|ARM64.ActiveCfg = Release|Any CPU
		{B9FFA064-5E41-450F-B276-E39C7F528FF9}.Release|ARM64.Build.0 = Release|Any CPU
		{B9FFA064-5E41-450F-B276-E39C7F528FF9}.Release|x64.ActiveCfg = Release|Any CPU
		{B9FFA064-5E41-450F-B276-E39C7F528FF9}.Release|x64.Build.0 = Release|Any CPU
		{B9FFA064-5E41-450F-B276-E39C7F528FF9}.Release|x86.ActiveCfg = Release|Any CPU
		{B9FFA064-5E41-450F-B276-E39C7F528FF9}.Release|x86.Build.0 = Release|Any CPU
		{DB774F08-5E87-4D21-ACB8-E951DB64D8D9}.Debug|Any CPU.ActiveCfg = Debug|Any CPU
		{DB774F08-5E87-4D21-ACB8-E951DB64D8D9}.Debug|Any CPU.Build.0 = Debug|Any CPU
		{DB774F08-5E87-4D21-ACB8-E951DB64D8D9}.Debug|ARM.ActiveCfg = Debug|Any CPU
		{DB774F08-5E87-4D21-ACB8-E951DB64D8D9}.Debug|ARM.Build.0 = Debug|Any CPU
		{DB774F08-5E87-4D21-ACB8-E951DB64D8D9}.Debug|ARM64.ActiveCfg = Debug|Any CPU
		{DB774F08-5E87-4D21-ACB8-E951DB64D8D9}.Debug|ARM64.Build.0 = Debug|Any CPU
		{DB774F08-5E87-4D21-ACB8-E951DB64D8D9}.Debug|x64.ActiveCfg = Debug|Any CPU
		{DB774F08-5E87-4D21-ACB8-E951DB64D8D9}.Debug|x64.Build.0 = Debug|Any CPU
		{DB774F08-5E87-4D21-ACB8-E951DB64D8D9}.Debug|x86.ActiveCfg = Debug|Any CPU
		{DB774F08-5E87-4D21-ACB8-E951DB64D8D9}.Debug|x86.Build.0 = Debug|Any CPU
		{DB774F08-5E87-4D21-ACB8-E951DB64D8D9}.Release|Any CPU.ActiveCfg = Release|Any CPU
		{DB774F08-5E87-4D21-ACB8-E951DB64D8D9}.Release|Any CPU.Build.0 = Release|Any CPU
		{DB774F08-5E87-4D21-ACB8-E951DB64D8D9}.Release|ARM.ActiveCfg = Release|Any CPU
		{DB774F08-5E87-4D21-ACB8-E951DB64D8D9}.Release|ARM.Build.0 = Release|Any CPU
		{DB774F08-5E87-4D21-ACB8-E951DB64D8D9}.Release|ARM64.ActiveCfg = Release|Any CPU
		{DB774F08-5E87-4D21-ACB8-E951DB64D8D9}.Release|ARM64.Build.0 = Release|Any CPU
		{DB774F08-5E87-4D21-ACB8-E951DB64D8D9}.Release|x64.ActiveCfg = Release|Any CPU
		{DB774F08-5E87-4D21-ACB8-E951DB64D8D9}.Release|x64.Build.0 = Release|Any CPU
		{DB774F08-5E87-4D21-ACB8-E951DB64D8D9}.Release|x86.ActiveCfg = Release|Any CPU
		{DB774F08-5E87-4D21-ACB8-E951DB64D8D9}.Release|x86.Build.0 = Release|Any CPU
		{6F180988-D366-4122-BF82-44B4CEFBC67D}.Debug|Any CPU.ActiveCfg = Debug|Any CPU
		{6F180988-D366-4122-BF82-44B4CEFBC67D}.Debug|Any CPU.Build.0 = Debug|Any CPU
		{6F180988-D366-4122-BF82-44B4CEFBC67D}.Debug|ARM.ActiveCfg = Debug|Any CPU
		{6F180988-D366-4122-BF82-44B4CEFBC67D}.Debug|ARM.Build.0 = Debug|Any CPU
		{6F180988-D366-4122-BF82-44B4CEFBC67D}.Debug|ARM64.ActiveCfg = Debug|Any CPU
		{6F180988-D366-4122-BF82-44B4CEFBC67D}.Debug|ARM64.Build.0 = Debug|Any CPU
		{6F180988-D366-4122-BF82-44B4CEFBC67D}.Debug|x64.ActiveCfg = Debug|Any CPU
		{6F180988-D366-4122-BF82-44B4CEFBC67D}.Debug|x64.Build.0 = Debug|Any CPU
		{6F180988-D366-4122-BF82-44B4CEFBC67D}.Debug|x86.ActiveCfg = Debug|Any CPU
		{6F180988-D366-4122-BF82-44B4CEFBC67D}.Debug|x86.Build.0 = Debug|Any CPU
		{6F180988-D366-4122-BF82-44B4CEFBC67D}.Release|Any CPU.ActiveCfg = Release|Any CPU
		{6F180988-D366-4122-BF82-44B4CEFBC67D}.Release|Any CPU.Build.0 = Release|Any CPU
		{6F180988-D366-4122-BF82-44B4CEFBC67D}.Release|ARM.ActiveCfg = Release|Any CPU
		{6F180988-D366-4122-BF82-44B4CEFBC67D}.Release|ARM.Build.0 = Release|Any CPU
		{6F180988-D366-4122-BF82-44B4CEFBC67D}.Release|ARM64.ActiveCfg = Release|Any CPU
		{6F180988-D366-4122-BF82-44B4CEFBC67D}.Release|ARM64.Build.0 = Release|Any CPU
		{6F180988-D366-4122-BF82-44B4CEFBC67D}.Release|x64.ActiveCfg = Release|Any CPU
		{6F180988-D366-4122-BF82-44B4CEFBC67D}.Release|x64.Build.0 = Release|Any CPU
		{6F180988-D366-4122-BF82-44B4CEFBC67D}.Release|x86.ActiveCfg = Release|Any CPU
		{6F180988-D366-4122-BF82-44B4CEFBC67D}.Release|x86.Build.0 = Release|Any CPU
		{A7131DD4-0A76-4247-9847-E8CB67F3589F}.Debug|Any CPU.ActiveCfg = Debug|Any CPU
		{A7131DD4-0A76-4247-9847-E8CB67F3589F}.Debug|Any CPU.Build.0 = Debug|Any CPU
		{A7131DD4-0A76-4247-9847-E8CB67F3589F}.Debug|ARM.ActiveCfg = Debug|Any CPU
		{A7131DD4-0A76-4247-9847-E8CB67F3589F}.Debug|ARM.Build.0 = Debug|Any CPU
		{A7131DD4-0A76-4247-9847-E8CB67F3589F}.Debug|ARM64.ActiveCfg = Debug|Any CPU
		{A7131DD4-0A76-4247-9847-E8CB67F3589F}.Debug|ARM64.Build.0 = Debug|Any CPU
		{A7131DD4-0A76-4247-9847-E8CB67F3589F}.Debug|x64.ActiveCfg = Debug|Any CPU
		{A7131DD4-0A76-4247-9847-E8CB67F3589F}.Debug|x64.Build.0 = Debug|Any CPU
		{A7131DD4-0A76-4247-9847-E8CB67F3589F}.Debug|x86.ActiveCfg = Debug|Any CPU
		{A7131DD4-0A76-4247-9847-E8CB67F3589F}.Debug|x86.Build.0 = Debug|Any CPU
		{A7131DD4-0A76-4247-9847-E8CB67F3589F}.Release|Any CPU.ActiveCfg = Release|Any CPU
		{A7131DD4-0A76-4247-9847-E8CB67F3589F}.Release|Any CPU.Build.0 = Release|Any CPU
		{A7131DD4-0A76-4247-9847-E8CB67F3589F}.Release|ARM.ActiveCfg = Release|Any CPU
		{A7131DD4-0A76-4247-9847-E8CB67F3589F}.Release|ARM.Build.0 = Release|Any CPU
		{A7131DD4-0A76-4247-9847-E8CB67F3589F}.Release|ARM64.ActiveCfg = Release|Any CPU
		{A7131DD4-0A76-4247-9847-E8CB67F3589F}.Release|ARM64.Build.0 = Release|Any CPU
		{A7131DD4-0A76-4247-9847-E8CB67F3589F}.Release|x64.ActiveCfg = Release|Any CPU
		{A7131DD4-0A76-4247-9847-E8CB67F3589F}.Release|x64.Build.0 = Release|Any CPU
		{A7131DD4-0A76-4247-9847-E8CB67F3589F}.Release|x86.ActiveCfg = Release|Any CPU
		{A7131DD4-0A76-4247-9847-E8CB67F3589F}.Release|x86.Build.0 = Release|Any CPU
		{5A61B6AB-EF96-4C88-A7D1-C57A1AAD4749}.Debug|Any CPU.ActiveCfg = Debug|Any CPU
		{5A61B6AB-EF96-4C88-A7D1-C57A1AAD4749}.Debug|Any CPU.Build.0 = Debug|Any CPU
		{5A61B6AB-EF96-4C88-A7D1-C57A1AAD4749}.Debug|ARM.ActiveCfg = Debug|Any CPU
		{5A61B6AB-EF96-4C88-A7D1-C57A1AAD4749}.Debug|ARM.Build.0 = Debug|Any CPU
		{5A61B6AB-EF96-4C88-A7D1-C57A1AAD4749}.Debug|ARM64.ActiveCfg = Debug|Any CPU
		{5A61B6AB-EF96-4C88-A7D1-C57A1AAD4749}.Debug|ARM64.Build.0 = Debug|Any CPU
		{5A61B6AB-EF96-4C88-A7D1-C57A1AAD4749}.Debug|x64.ActiveCfg = Debug|Any CPU
		{5A61B6AB-EF96-4C88-A7D1-C57A1AAD4749}.Debug|x64.Build.0 = Debug|Any CPU
		{5A61B6AB-EF96-4C88-A7D1-C57A1AAD4749}.Debug|x86.ActiveCfg = Debug|Any CPU
		{5A61B6AB-EF96-4C88-A7D1-C57A1AAD4749}.Debug|x86.Build.0 = Debug|Any CPU
		{5A61B6AB-EF96-4C88-A7D1-C57A1AAD4749}.Release|Any CPU.ActiveCfg = Release|Any CPU
		{5A61B6AB-EF96-4C88-A7D1-C57A1AAD4749}.Release|Any CPU.Build.0 = Release|Any CPU
		{5A61B6AB-EF96-4C88-A7D1-C57A1AAD4749}.Release|ARM.ActiveCfg = Release|Any CPU
		{5A61B6AB-EF96-4C88-A7D1-C57A1AAD4749}.Release|ARM.Build.0 = Release|Any CPU
		{5A61B6AB-EF96-4C88-A7D1-C57A1AAD4749}.Release|ARM64.ActiveCfg = Release|Any CPU
		{5A61B6AB-EF96-4C88-A7D1-C57A1AAD4749}.Release|ARM64.Build.0 = Release|Any CPU
		{5A61B6AB-EF96-4C88-A7D1-C57A1AAD4749}.Release|x64.ActiveCfg = Release|Any CPU
		{5A61B6AB-EF96-4C88-A7D1-C57A1AAD4749}.Release|x64.Build.0 = Release|Any CPU
		{5A61B6AB-EF96-4C88-A7D1-C57A1AAD4749}.Release|x86.ActiveCfg = Release|Any CPU
		{5A61B6AB-EF96-4C88-A7D1-C57A1AAD4749}.Release|x86.Build.0 = Release|Any CPU
		{1609A4BD-7DD2-481E-8FB3-1F1B2563B605}.Debug|Any CPU.ActiveCfg = Debug|Any CPU
		{1609A4BD-7DD2-481E-8FB3-1F1B2563B605}.Debug|Any CPU.Build.0 = Debug|Any CPU
		{1609A4BD-7DD2-481E-8FB3-1F1B2563B605}.Debug|ARM.ActiveCfg = Debug|Any CPU
		{1609A4BD-7DD2-481E-8FB3-1F1B2563B605}.Debug|ARM.Build.0 = Debug|Any CPU
		{1609A4BD-7DD2-481E-8FB3-1F1B2563B605}.Debug|ARM64.ActiveCfg = Debug|Any CPU
		{1609A4BD-7DD2-481E-8FB3-1F1B2563B605}.Debug|ARM64.Build.0 = Debug|Any CPU
		{1609A4BD-7DD2-481E-8FB3-1F1B2563B605}.Debug|x64.ActiveCfg = Debug|Any CPU
		{1609A4BD-7DD2-481E-8FB3-1F1B2563B605}.Debug|x64.Build.0 = Debug|Any CPU
		{1609A4BD-7DD2-481E-8FB3-1F1B2563B605}.Debug|x86.ActiveCfg = Debug|Any CPU
		{1609A4BD-7DD2-481E-8FB3-1F1B2563B605}.Debug|x86.Build.0 = Debug|Any CPU
		{1609A4BD-7DD2-481E-8FB3-1F1B2563B605}.Release|Any CPU.ActiveCfg = Release|Any CPU
		{1609A4BD-7DD2-481E-8FB3-1F1B2563B605}.Release|Any CPU.Build.0 = Release|Any CPU
		{1609A4BD-7DD2-481E-8FB3-1F1B2563B605}.Release|ARM.ActiveCfg = Release|Any CPU
		{1609A4BD-7DD2-481E-8FB3-1F1B2563B605}.Release|ARM.Build.0 = Release|Any CPU
		{1609A4BD-7DD2-481E-8FB3-1F1B2563B605}.Release|ARM64.ActiveCfg = Release|Any CPU
		{1609A4BD-7DD2-481E-8FB3-1F1B2563B605}.Release|ARM64.Build.0 = Release|Any CPU
		{1609A4BD-7DD2-481E-8FB3-1F1B2563B605}.Release|x64.ActiveCfg = Release|Any CPU
		{1609A4BD-7DD2-481E-8FB3-1F1B2563B605}.Release|x64.Build.0 = Release|Any CPU
		{1609A4BD-7DD2-481E-8FB3-1F1B2563B605}.Release|x86.ActiveCfg = Release|Any CPU
		{1609A4BD-7DD2-481E-8FB3-1F1B2563B605}.Release|x86.Build.0 = Release|Any CPU
	EndGlobalSection
	GlobalSection(SolutionProperties) = preSolution
		HideSolutionNode = FALSE
	EndGlobalSection
	GlobalSection(NestedProjects) = preSolution
		{92CD9DD1-ADCA-41AC-A1FC-238F9AA25393} = {06BEFCAF-D208-45FC-9A4B-F246C8C5B246}
		{4DA9BF39-807E-4E71-8BC4-FFA29169657A} = {7E7ECA37-A83A-4E69-A859-E955C71AC628}
		{B9FFA064-5E41-450F-B276-E39C7F528FF9} = {AFAA4D71-2132-4ECC-BFB6-EE282AADCFF2}
		{7E7ECA37-A83A-4E69-A859-E955C71AC628} = {436D61CE-FC03-492B-8DC0-C05FF7B4F309}
		{06BEFCAF-D208-45FC-9A4B-F246C8C5B246} = {436D61CE-FC03-492B-8DC0-C05FF7B4F309}
		{AFAA4D71-2132-4ECC-BFB6-EE282AADCFF2} = {436D61CE-FC03-492B-8DC0-C05FF7B4F309}
		{DB774F08-5E87-4D21-ACB8-E951DB64D8D9} = {06BEFCAF-D208-45FC-9A4B-F246C8C5B246}
		{6F180988-D366-4122-BF82-44B4CEFBC67D} = {A0AC843F-B1F8-4175-A444-E3B866682F52}
		{A7131DD4-0A76-4247-9847-E8CB67F3589F} = {A0AC843F-B1F8-4175-A444-E3B866682F52}
		{1609A4BD-7DD2-481E-8FB3-1F1B2563B605} = {AFAA4D71-2132-4ECC-BFB6-EE282AADCFF2}
	EndGlobalSection
	GlobalSection(ExtensibilityGlobals) = postSolution
		SolutionGuid = {C9DEB774-1B92-4093-A3F4-58FBA51A27FD}
	EndGlobalSection
EndGlobal
